
Microsoft Visual Studio Solution File, Format Version 12.00
# Visual Studio Version 17
VisualStudioVersion = 17.2.32616.157
MinimumVisualStudioVersion = 10.0.40219.1
Project("{FAE04EC0-301F-11D3-BF4B-00C04F79EFBC}") = "NoCharSpecial", "NoCharSpecial\NoCharSpecial.csproj", "{535EFBC1-7860-4D38-8086-147F2008ABB7}"
EndProject
Global
	GlobalSection(SolutionConfigurationPlatforms) = preSolution
		Debug|Any CPU = Debug|Any CPU
		Release|Any CPU = Release|Any CPU
	EndGlobalSection
	GlobalSection(ProjectConfigurationPlatforms) = postSolution
		{535EFBC1-7860-4D38-8086-147F2008ABB7}.Debug|Any CPU.ActiveCfg = Release|Any CPU
		{535EFBC1-7860-4D38-8086-147F2008ABB7}.Debug|Any CPU.Build.0 = Release|Any CPU
		{535EFBC1-7860-4D38-8086-147F2008ABB7}.Release|Any CPU.ActiveCfg = Release|Any CPU
		{535EFBC1-7860-4D38-8086-147F2008ABB7}.Release|Any CPU.Build.0 = Release|Any CPU
	EndGlobalSection
	GlobalSection(SolutionProperties) = preSolution
		HideSolutionNode = FALSE
	EndGlobalSection
	GlobalSection(ExtensibilityGlobals) = postSolution
		SolutionGuid = {E747B898-C579-42AF-9C6B-D1CA1C66AF48}
	EndGlobalSection
EndGlobal
